
Microsoft Visual Studio Solution File, Format Version 12.00
# Visual Studio Version 16
VisualStudioVersion = 16.0.810.14
MinimumVisualStudioVersion = 10.0.40219.1
Project("{FAE04EC0-301F-11D3-BF4B-00C04F79EFBC}") = "kamekusaStrmPushSlack", "kamekusaStrmPushSlack.csproj", "{44A78435-E24E-464D-BBA4-4A6E210611C4}"
EndProject
Global
	GlobalSection(SolutionConfigurationPlatforms) = preSolution
		Debug|Any CPU = Debug|Any CPU
		Release|Any CPU = Release|Any CPU
	EndGlobalSection
	GlobalSection(ProjectConfigurationPlatforms) = postSolution
		{44A78435-E24E-464D-BBA4-4A6E210611C4}.Debug|Any CPU.ActiveCfg = Debug|Any CPU
		{44A78435-E24E-464D-BBA4-4A6E210611C4}.Debug|Any CPU.Build.0 = Debug|Any CPU
		{44A78435-E24E-464D-BBA4-4A6E210611C4}.Release|Any CPU.ActiveCfg = Release|Any CPU
		{44A78435-E24E-464D-BBA4-4A6E210611C4}.Release|Any CPU.Build.0 = Release|Any CPU
	EndGlobalSection
	GlobalSection(SolutionProperties) = preSolution
		HideSolutionNode = FALSE
	EndGlobalSection
	GlobalSection(ExtensibilityGlobals) = postSolution
		SolutionGuid = {74A28E8B-CBC2-4A38-AFB9-6CC3E0D4CE77}
	EndGlobalSection
EndGlobal
